{
    "_meta": {
        "hash": {
            "sha256": "a8109a4c1df6ef8d9584173c4769c4acadd6d9b114e1e1fe1dfed0ca0f579c1a"
        },
        "requires": {},
        "sources": [
            {
                "url": "https://pypi.python.org/simple",
                "verify_ssl": true
            }
        ]
    },
    "default": {
        {% if cookiecutter.cli.lower() == 'y' or cookiecutter.cli.lower() == 'yes' %}
        "docopt": {
            "version": "==0.6.2"
        }
        {% endif %}
    },
    "develop": {
        "alabaster": {
            "version": "==0.7.10"
        },
        "asn1crypto": {
            "version": "==0.22.0"
        },
        "babel": {
            "version": "==2.4.0"
        },
        "bcrypt": {
            "version": "==3.1.3"
        },
        "bumpversion": {
            "version": "==0.5.3"
        },
        "certifi": {
            "version": "==2017.7.27.1"
        },
        "cffi": {
            "version": "==1.10.0"
        },
        "chardet": {
            "version": "==3.0.4"
        },
        "coverage": {
            "version": "==4.4.1"
        },
        "cryptography": {
            "version": "==1.9"
        },
        "docutils": {
            "version": "==0.13.1"
        },
        "fabric3": {
            "version": "==1.13.1.post1"
        },
        "flake8": {
            "version": "==3.3.0"
        },
        "idna": {
            "version": "==2.5"
        },
        "imagesize": {
            "version": "==0.7.1"
        },
        "jinja2": {
            "version": "==2.9.6"
        },
        "markupsafe": {
            "version": "==1.0"
        },
        "mccabe": {
            "version": "==0.6.1"
        },
        "paramiko": {
            "version": "==2.2.1"
        },
        "pluggy": {
            "version": "==0.4.0"
        },
        "py": {
            "version": "==1.4.34"
        },
        "pyasn1": {
            "version": "==0.3.1"
        },
        "pycodestyle": {
            "version": "==2.3.1"
        },
        "pycparser": {
            "version": "==2.18"
        },
        "pyflakes": {
            "version": "==1.5.0"
        },
        "pygments": {
            "version": "==2.2.0"
        },
        "pynacl": {
            "version": "==1.1.2"
        },
        "pytest": {
            "version": "==3.1.3"
        },
        "pytest-runner": {
            "version": "==2.11.1"
        },
        "pytz": {
            "version": "==2017.2"
        },
        "pyyaml": {
            "version": "==3.12"
        },
        "requests": {
            "version": "==2.18.2"
        },
        "setuptools": {
            "version": "==36.2.4"
        },
        "six": {
            "version": "==1.10.0"
        },
        "snowballstemmer": {
            "version": "==1.2.1"
        },
        "sphinx": {
            "version": "==1.6.3"
        },
        "sphinx-autodoc-typehints": {
            "version": "==1.2.0"
        },
        "sphinxcontrib-websupport": {
            "version": "==1.0.1"
        },
        "tox": {
            "version": "==2.7.0"
        },
        "urllib3": {
            "version": "==1.22"
        },
        "virtualenv": {
            "version": "==15.1.0"
        },
        "wheel": {
            "version": "==0.29.0"
        }
    }
}
